# THIS IS AN AUTOGENERATED FILE. DO NOT EDIT THIS FILE DIRECTLY.
# yarn lockfile v1


fast-stable-stringify@^0.2.0:
  version "0.2.0"
  resolved "https://registry.yarnpkg.com/fast-stable-stringify/-/fast-stable-stringify-0.2.0.tgz#ac58db548bcde75d66d7e244e73f56c034a4b3da"

rusha@0.8.6:
  version "0.8.6"
  resolved "https://registry.yarnpkg.com/rusha/-/rusha-0.8.6.tgz#b264ddaa4d49a1d67300061858ba9358c4adca14"
